// !$*UTF8*$!
{
	archiveVersion = 1;
	classes = {
	};
	objectVersion = 46;
	objects = {

/* Begin PBXBuildFile section */
		711A4FE919385BA5005642EF /* Foundation.framework in Frameworks */ = {isa = PBXBuildFile; fileRef = 711A4FE819385BA5005642EF /* Foundation.framework */; };
		711A4FEB19385BA5005642EF /* CoreGraphics.framework in Frameworks */ = {isa = PBXBuildFile; fileRef = 711A4FEA19385BA5005642EF /* CoreGraphics.framework */; };
		711A4FED19385BA5005642EF /* UIKit.framework in Frameworks */ = {isa = PBXBuildFile; fileRef = 711A4FEC19385BA5005642EF /* UIKit.framework */; };
		711A4FF319385BA5005642EF /* InfoPlist.strings in Resources */ = {isa = PBXBuildFile; fileRef = 711A4FF119385BA5005642EF /* InfoPlist.strings */; };
		711A4FF519385BA5005642EF /* main.m in Sources */ = {isa = PBXBuildFile; fileRef = 711A4FF419385BA5005642EF /* main.m */; };
		711A4FF919385BA5005642EF /* TSAppDelegate.m in Sources */ = {isa = PBXBuildFile; fileRef = 711A4FF819385BA5005642EF /* TSAppDelegate.m */; };
		711A4FFB19385BA5005642EF /* Images.xcassets in Resources */ = {isa = PBXBuildFile; fileRef = 711A4FFA19385BA5005642EF /* Images.xcassets */; };
		711A500219385BA5005642EF /* XCTest.framework in Frameworks */ = {isa = PBXBuildFile; fileRef = 711A500119385BA5005642EF /* XCTest.framework */; };
		711A500319385BA5005642EF /* Foundation.framework in Frameworks */ = {isa = PBXBuildFile; fileRef = 711A4FE819385BA5005642EF /* Foundation.framework */; };
		711A500419385BA5005642EF /* UIKit.framework in Frameworks */ = {isa = PBXBuildFile; fileRef = 711A4FEC19385BA5005642EF /* UIKit.framework */; };
		711A500C19385BA5005642EF /* InfoPlist.strings in Resources */ = {isa = PBXBuildFile; fileRef = 711A500A19385BA5005642EF /* InfoPlist.strings */; };
		711A500E19385BA5005642EF /* TasksTests.m in Sources */ = {isa = PBXBuildFile; fileRef = 711A500D19385BA5005642EF /* TasksTests.m */; };
/* End PBXBuildFile section */

/* Begin PBXContainerItemProxy section */
		711A500519385BA5005642EF /* PBXContainerItemProxy */ = {
			isa = PBXContainerItemProxy;
			containerPortal = 711A4FDD19385BA5005642EF /* Project object */;
			proxyType = 1;
			remoteGlobalIDString = 711A4FE419385BA5005642EF;
			remoteInfo = Tasks;
		};
/* End PBXContainerItemProxy section */

/* Begin PBXFileReference section */
		711A4FE519385BA5005642EF /* Tasks.app */ = {isa = PBXFileReference; explicitFileType = wrapper.application; includeInIndex = 0; path = Tasks.app; sourceTree = BUILT_PRODUCTS_DIR; };
		711A4FE819385BA5005642EF /* Foundation.framework */ = {isa = PBXFileReference; lastKnownFileType = wrapper.framework; name = Foundation.framework; path = System/Library/Frameworks/Foundation.framework; sourceTree = SDKROOT; };
		711A4FEA19385BA5005642EF /* CoreGraphics.framework */ = {isa = PBXFileReference; lastKnownFileType = wrapper.framework; name = CoreGraphics.framework; path = System/Library/Frameworks/CoreGraphics.framework; sourceTree = SDKROOT; };
		711A4FEC19385BA5005642EF /* UIKit.framework */ = {isa = PBXFileReference; lastKnownFileType = wrapper.framework; name = UIKit.framework; path = System/Library/Frameworks/UIKit.framework; sourceTree = SDKROOT; };
		711A4FF019385BA5005642EF /* Tasks-Info.plist */ = {isa = PBXFileReference; lastKnownFileType = text.plist.xml; path = "Tasks-Info.plist"; sourceTree = "<group>"; };
		711A4FF219385BA5005642EF /* en */ = {isa = PBXFileReference; lastKnownFileType = text.plist.strings; name = en; path = en.lproj/InfoPlist.strings; sourceTree = "<group>"; };
		711A4FF419385BA5005642EF /* main.m */ = {isa = PBXFileReference; lastKnownFileType = sourcecode.c.objc; path = main.m; sourceTree = "<group>"; };
		711A4FF619385BA5005642EF /* Tasks-Prefix.pch */ = {isa = PBXFileReference; lastKnownFileType = sourcecode.c.h; path = "Tasks-Prefix.pch"; sourceTree = "<group>"; };
		711A4FF719385BA5005642EF /* TSAppDelegate.h */ = {isa = PBXFileReference; lastKnownFileType = sourcecode.c.h; path = TSAppDelegate.h; sourceTree = "<group>"; };
		711A4FF819385BA5005642EF /* TSAppDelegate.m */ = {isa = PBXFileReference; lastKnownFileType = sourcecode.c.objc; path = TSAppDelegate.m; sourceTree = "<group>"; };
		711A4FFA19385BA5005642EF /* Images.xcassets */ = {isa = PBXFileReference; lastKnownFileType = folder.assetcatalog; path = Images.xcassets; sourceTree = "<group>"; };
		711A500019385BA5005642EF /* TasksTests.xctest */ = {isa = PBXFileReference; explicitFileType = wrapper.cfbundle; includeInIndex = 0; path = TasksTests.xctest; sourceTree = BUILT_PRODUCTS_DIR; };
		711A500119385BA5005642EF /* XCTest.framework */ = {isa = PBXFileReference; lastKnownFileType = wrapper.framework; name = XCTest.framework; path = Library/Frameworks/XCTest.framework; sourceTree = DEVELOPER_DIR; };
		711A500919385BA5005642EF /* TasksTests-Info.plist */ = {isa = PBXFileReference; lastKnownFileType = text.plist.xml; path = "TasksTests-Info.plist"; sourceTree = "<group>"; };
		711A500B19385BA5005642EF /* en */ = {isa = PBXFileReference; lastKnownFileType = text.plist.strings; name = en; path = en.lproj/InfoPlist.strings; sourceTree = "<group>"; };
		711A500D19385BA5005642EF /* TasksTests.m */ = {isa = PBXFileReference; lastKnownFileType = sourcecode.c.objc; path = TasksTests.m; sourceTree = "<group>"; };
/* End PBXFileReference section */

/* Begin PBXFrameworksBuildPhase section */
		711A4FE219385BA5005642EF /* Frameworks */ = {
			isa = PBXFrameworksBuildPhase;
			buildActionMask = 2147483647;
			files = (
				711A4FEB19385BA5005642EF /* CoreGraphics.framework in Frameworks */,
				711A4FED19385BA5005642EF /* UIKit.framework in Frameworks */,
				711A4FE919385BA5005642EF /* Foundation.framework in Frameworks */,
			);
			runOnlyForDeploymentPostprocessing = 0;
		};
		711A4FFD19385BA5005642EF /* Frameworks */ = {
			isa = PBXFrameworksBuildPhase;
			buildActionMask = 2147483647;
			files = (
				711A500219385BA5005642EF /* XCTest.framework in Frameworks */,
				711A500419385BA5005642EF /* UIKit.framework in Frameworks */,
				711A500319385BA5005642EF /* Foundation.framework in Frameworks */,
			);
			runOnlyForDeploymentPostprocessing = 0;
		};
/* End PBXFrameworksBuildPhase section */

/* Begin PBXGroup section */
		711A4FDC19385BA5005642EF = {
			isa = PBXGroup;
			children = (
				711A4FEE19385BA5005642EF /* Tasks */,
				711A500719385BA5005642EF /* TasksTests */,
				711A4FE719385BA5005642EF /* Frameworks */,
				711A4FE619385BA5005642EF /* Products */,
			);
			sourceTree = "<group>";
		};
		711A4FE619385BA5005642EF /* Products */ = {
			isa = PBXGroup;
			children = (
				711A4FE519385BA5005642EF /* Tasks.app */,
				711A500019385BA5005642EF /* TasksTests.xctest */,
			);
			name = Products;
			sourceTree = "<group>";
		};
		711A4FE719385BA5005642EF /* Frameworks */ = {
			isa = PBXGroup;
			children = (
				711A4FE819385BA5005642EF /* Foundation.framework */,
				711A4FEA19385BA5005642EF /* CoreGraphics.framework */,
				711A4FEC19385BA5005642EF /* UIKit.framework */,
				711A500119385BA5005642EF /* XCTest.framework */,
			);
			name = Frameworks;
			sourceTree = "<group>";
		};
		711A4FEE19385BA5005642EF /* Tasks */ = {
			isa = PBXGroup;
			children = (
				711A4FF719385BA5005642EF /* TSAppDelegate.h */,
				711A4FF819385BA5005642EF /* TSAppDelegate.m */,
				711A4FFA19385BA5005642EF /* Images.xcassets */,
				711A4FEF19385BA5005642EF /* Supporting Files */,
			);
			path = Tasks;
			sourceTree = "<group>";
		};
		711A4FEF19385BA5005642EF /* Supporting Files */ = {
			isa = PBXGroup;
			children = (
				711A4FF019385BA5005642EF /* Tasks-Info.plist */,
				711A4FF119385BA5005642EF /* InfoPlist.strings */,
				711A4FF419385BA5005642EF /* main.m */,
				711A4FF619385BA5005642EF /* Tasks-Prefix.pch */,
			);
			name = "Supporting Files";
			sourceTree = "<group>";
		};
		711A500719385BA5005642EF /* TasksTests */ = {
			isa = PBXGroup;
			children = (
				711A500D19385BA5005642EF /* TasksTests.m */,
				711A500819385BA5005642EF /* Supporting Files */,
			);
			path = TasksTests;
			sourceTree = "<group>";
		};
		711A500819385BA5005642EF /* Supporting Files */ = {
			isa = PBXGroup;
			children = (
				711A500919385BA5005642EF /* TasksTests-Info.plist */,
				711A500A19385BA5005642EF /* InfoPlist.strings */,
			);
			name = "Supporting Files";
			sourceTree = "<group>";
		};
/* End PBXGroup section */

/* Begin PBXNativeTarget section */
		711A4FE419385BA5005642EF /* Tasks */ = {
			isa = PBXNativeTarget;
			buildConfigurationList = 711A501119385BA5005642EF /* Build configuration list for PBXNativeTarget "Tasks" */;
			buildPhases = (
				711A4FE119385BA5005642EF /* Sources */,
				711A4FE219385BA5005642EF /* Frameworks */,
				711A4FE319385BA5005642EF /* Resources */,
			);
			buildRules = (
			);
			dependencies = (
			);
			name = Tasks;
			productName = Tasks;
			productReference = 711A4FE519385BA5005642EF /* Tasks.app */;
			productType = "com.apple.product-type.application";
		};
		711A4FFF19385BA5005642EF /* TasksTests */ = {
			isa = PBXNativeTarget;
			buildConfigurationList = 711A501419385BA5005642EF /* Build configuration list for PBXNativeTarget "TasksTests" */;
			buildPhases = (
				711A4FFC19385BA5005642EF /* Sources */,
				711A4FFD19385BA5005642EF /* Frameworks */,
				711A4FFE19385BA5005642EF /* Resources */,
			);
			buildRules = (
			);
			dependencies = (
				711A500619385BA5005642EF /* PBXTargetDependency */,
			);
			name = TasksTests;
			productName = TasksTests;
			productReference = 711A500019385BA5005642EF /* TasksTests.xctest */;
			productType = "com.apple.product-type.bundle.unit-test";
		};
/* End PBXNativeTarget section */

/* Begin PBXProject section */
		711A4FDD19385BA5005642EF /* Project object */ = {
			isa = PBXProject;
			attributes = {
				CLASSPREFIX = TS;
				LastUpgradeCheck = 0510;
				ORGANIZATIONNAME = DevMountain;
				TargetAttributes = {
					711A4FFF19385BA5005642EF = {
						TestTargetID = 711A4FE419385BA5005642EF;
					};
				};
			};
			buildConfigurationList = 711A4FE019385BA5005642EF /* Build configuration list for PBXProject "Tasks" */;
			compatibilityVersion = "Xcode 3.2";
			developmentRegion = English;
			hasScannedForEncodings = 0;
			knownRegions = (
				en,
			);
			mainGroup = 711A4FDC19385BA5005642EF;
			productRefGroup = 711A4FE619385BA5005642EF /* Products */;
			projectDirPath = "";
			projectRoot = "";
			targets = (
				711A4FE419385BA5005642EF /* Tasks */,
				711A4FFF19385BA5005642EF /* TasksTests */,
			);
		};
/* End PBXProject section */

/* Begin PBXResourcesBuildPhase section */
		711A4FE319385BA5005642EF /* Resources */ = {
			isa = PBXResourcesBuildPhase;
			buildActionMask = 2147483647;
			files = (
				711A4FF319385BA5005642EF /* InfoPlist.strings in Resources */,
				711A4FFB19385BA5005642EF /* Images.xcassets in Resources */,
			);
			runOnlyForDeploymentPostprocessing = 0;
		};
		711A4FFE19385BA5005642EF /* Resources */ = {
			isa = PBXResourcesBuildPhase;
			buildActionMask = 2147483647;
			files = (
				711A500C19385BA5005642EF /* InfoPlist.strings in Resources */,
			);
			runOnlyForDeploymentPostprocessing = 0;
		};
/* End PBXResourcesBuildPhase section */

/* Begin PBXSourcesBuildPhase section */
		711A4FE119385BA5005642EF /* Sources */ = {
			isa = PBXSourcesBuildPhase;
			buildActionMask = 2147483647;
			files = (
				711A4FF519385BA5005642EF /* main.m in Sources */,
				711A4FF919385BA5005642EF /* TSAppDelegate.m in Sources */,
			);
			runOnlyForDeploymentPostprocessing = 0;
		};
		711A4FFC19385BA5005642EF /* Sources */ = {
			isa = PBXSourcesBuildPhase;
			buildActionMask = 2147483647;
			files = (
				711A500E19385BA5005642EF /* TasksTests.m in Sources */,
			);
			runOnlyForDeploymentPostprocessing = 0;
		};
/* End PBXSourcesBuildPhase section */

/* Begin PBXTargetDependency section */
		711A500619385BA5005642EF /* PBXTargetDependency */ = {
			isa = PBXTargetDependency;
			target = 711A4FE419385BA5005642EF /* Tasks */;
			targetProxy = 711A500519385BA5005642EF /* PBXContainerItemProxy */;
		};
/* End PBXTargetDependency section */

/* Begin PBXVariantGroup section */
		711A4FF119385BA5005642EF /* InfoPlist.strings */ = {
			isa = PBXVariantGroup;
			children = (
				711A4FF219385BA5005642EF /* en */,
			);
			name = InfoPlist.strings;
			sourceTree = "<group>";
		};
		711A500A19385BA5005642EF /* InfoPlist.strings */ = {
			isa = PBXVariantGroup;
			children = (
				711A500B19385BA5005642EF /* en */,
			);
			name = InfoPlist.strings;
			sourceTree = "<group>";
		};
/* End PBXVariantGroup section */

/* Begin XCBuildConfiguration section */
		711A500F19385BA5005642EF /* Debug */ = {
			isa = XCBuildConfiguration;
			buildSettings = {
				ALWAYS_SEARCH_USER_PATHS = NO;
				CLANG_CXX_LANGUAGE_STANDARD = "gnu++0x";
				CLANG_CXX_LIBRARY = "libc++";
				CLANG_ENABLE_MODULES = YES;
				CLANG_ENABLE_OBJC_ARC = YES;
				CLANG_WARN_BOOL_CONVERSION = YES;
				CLANG_WARN_CONSTANT_CONVERSION = YES;
				CLANG_WARN_DIRECT_OBJC_ISA_USAGE = YES_ERROR;
				CLANG_WARN_EMPTY_BODY = YES;
				CLANG_WARN_ENUM_CONVERSION = YES;
				CLANG_WARN_INT_CONVERSION = YES;
				CLANG_WARN_OBJC_ROOT_CLASS = YES_ERROR;
				CLANG_WARN__DUPLICATE_METHOD_MATCH = YES;
				"CODE_SIGN_IDENTITY[sdk=iphoneos*]" = "iPhone Developer";
				COPY_PHASE_STRIP = NO;
				GCC_C_LANGUAGE_STANDARD = gnu99;
				GCC_DYNAMIC_NO_PIC = NO;
				GCC_OPTIMIZATION_LEVEL = 0;
				GCC_PREPROCESSOR_DEFINITIONS = (
					"DEBUG=1",
					"$(inherited)",
				);
				GCC_SYMBOLS_PRIVATE_EXTERN = NO;
				GCC_WARN_64_TO_32_BIT_CONVERSION = YES;
				GCC_WARN_ABOUT_RETURN_TYPE = YES_ERROR;
				GCC_WARN_UNDECLARED_SELECTOR = YES;
				GCC_WARN_UNINITIALIZED_AUTOS = YES_AGGRESSIVE;
				GCC_WARN_UNUSED_FUNCTION = YES;
				GCC_WARN_UNUSED_VARIABLE = YES;
				IPHONEOS_DEPLOYMENT_TARGET = 7.1;
				ONLY_ACTIVE_ARCH = YES;
				SDKROOT = iphoneos;
			};
			name = Debug;
		};
		711A501019385BA5005642EF /* Release */ = {
			isa = XCBuildConfiguration;
			buildSettings = {
				ALWAYS_SEARCH_USER_PATHS = NO;
				CLANG_CXX_LANGUAGE_STANDARD = "gnu++0x";
				CLANG_CXX_LIBRARY = "libc++";
				CLANG_ENABLE_MODULES = YES;
				CLANG_ENABLE_OBJC_ARC = YES;
				CLANG_WARN_BOOL_CONVERSION = YES;
				CLANG_WARN_CONSTANT_CONVERSION = YES;
				CLANG_WARN_DIRECT_OBJC_ISA_USAGE = YES_ERROR;
				CLANG_WARN_EMPTY_BODY = YES;
				CLANG_WARN_ENUM_CONVERSION = YES;
				CLANG_WARN_INT_CONVERSION = YES;
				CLANG_WARN_OBJC_ROOT_CLASS = YES_ERROR;
				CLANG_WARN__DUPLICATE_METHOD_MATCH = YES;
				"CODE_SIGN_IDENTITY[sdk=iphoneos*]" = "iPhone Developer";
				COPY_PHASE_STRIP = YES;
				ENABLE_NS_ASSERTIONS = NO;
				GCC_C_LANGUAGE_STANDARD = gnu99;
				GCC_WARN_64_TO_32_BIT_CONVERSION = YES;
				GCC_WARN_ABOUT_RETURN_TYPE = YES_ERROR;
				GCC_WARN_UNDECLARED_SELECTOR = YES;
				GCC_WARN_UNINITIALIZED_AUTOS = YES_AGGRESSIVE;
				GCC_WARN_UNUSED_FUNCTION = YES;
				GCC_WARN_UNUSED_VARIABLE = YES;
				IPHONEOS_DEPLOYMENT_TARGET = 7.1;
				SDKROOT = iphoneos;
				VALIDATE_PRODUCT = YES;
			};
			name = Release;
		};
		711A501219385BA5005642EF /* Debug */ = {
			isa = XCBuildConfiguration;
			buildSettings = {
				ASSETCATALOG_COMPILER_APPICON_NAME = AppIcon;
				ASSETCATALOG_COMPILER_LAUNCHIMAGE_NAME = LaunchImage;
				GCC_PRECOMPILE_PREFIX_HEADER = YES;
				GCC_PREFIX_HEADER = "Tasks/Tasks-Prefix.pch";
				INFOPLIST_FILE = "Tasks/Tasks-Info.plist";
				PRODUCT_NAME = "$(TARGET_NAME)";
				WRAPPER_EXTENSION = app;
			};
			name = Debug;
		};
		711A501319385BA5005642EF /* Release */ = {
			isa = XCBuildConfiguration;
			buildSettings = {
				ASSETCATALOG_COMPILER_APPICON_NAME = AppIcon;
				ASSETCATALOG_COMPILER_LAUNCHIMAGE_NAME = LaunchImage;
				GCC_PRECOMPILE_PREFIX_HEADER = YES;
				GCC_PREFIX_HEADER = "Tasks/Tasks-Prefix.pch";
				INFOPLIST_FILE = "Tasks/Tasks-Info.plist";
				PRODUCT_NAME = "$(TARGET_NAME)";
				WRAPPER_EXTENSION = app;
			};
			name = Release;
		};
		711A501519385BA5005642EF /* Debug */ = {
			isa = XCBuildConfiguration;
			buildSettings = {
				BUNDLE_LOADER = "$(BUILT_PRODUCTS_DIR)/Tasks.app/Tasks";
				FRAMEWORK_SEARCH_PATHS = (
					"$(SDKROOT)/Developer/Library/Frameworks",
					"$(inherited)",
					"$(DEVELOPER_FRAMEWORKS_DIR)",
				);
				GCC_PRECOMPILE_PREFIX_HEADER = YES;
				GCC_PREFIX_HEADER = "Tasks/Tasks-Prefix.pch";
				GCC_PREPROCESSOR_DEFINITIONS = (
					"DEBUG=1",
					"$(inherited)",
				);
				INFOPLIST_FILE = "TasksTests/TasksTests-Info.plist";
				PRODUCT_NAME = "$(TARGET_NAME)";
				TEST_HOST = "$(BUNDLE_LOADER)";
				WRAPPER_EXTENSION = xctest;
			};
			name = Debug;
		};
		711A501619385BA5005642EF /* Release */ = {
			isa = XCBuildConfiguration;
			buildSettings = {
				BUNDLE_LOADER = "$(BUILT_PRODUCTS_DIR)/Tasks.app/Tasks";
				FRAMEWORK_SEARCH_PATHS = (
					"$(SDKROOT)/Developer/Library/Frameworks",
					"$(inherited)",
					"$(DEVELOPER_FRAMEWORKS_DIR)",
				);
				GCC_PRECOMPILE_PREFIX_HEADER = YES;
				GCC_PREFIX_HEADER = "Tasks/Tasks-Prefix.pch";
				INFOPLIST_FILE = "TasksTests/TasksTests-Info.plist";
				PRODUCT_NAME = "$(TARGET_NAME)";
				TEST_HOST = "$(BUNDLE_LOADER)";
				WRAPPER_EXTENSION = xctest;
			};
			name = Release;
		};
/* End XCBuildConfiguration section */

/* Begin XCConfigurationList section */
		711A4FE019385BA5005642EF /* Build configuration list for PBXProject "Tasks" */ = {
			isa = XCConfigurationList;
			buildConfigurations = (
				711A500F19385BA5005642EF /* Debug */,
				711A501019385BA5005642EF /* Release */,
			);
			defaultConfigurationIsVisible = 0;
			defaultConfigurationName = Release;
		};
		711A501119385BA5005642EF /* Build configuration list for PBXNativeTarget "Tasks" */ = {
			isa = XCConfigurationList;
			buildConfigurations = (
				711A501219385BA5005642EF /* Debug */,
				711A501319385BA5005642EF /* Release */,
			);
			defaultConfigurationIsVisible = 0;
		};
		711A501419385BA5005642EF /* Build configuration list for PBXNativeTarget "TasksTests" */ = {
			isa = XCConfigurationList;
			buildConfigurations = (
				711A501519385BA5005642EF /* Debug */,
				711A501619385BA5005642EF /* Release */,
			);
			defaultConfigurationIsVisible = 0;
		};
/* End XCConfigurationList section */
	};
	rootObject = 711A4FDD19385BA5005642EF /* Project object */;
}
